
Microsoft Visual Studio Solution File, Format Version 12.00
# Visual Studio Version 17
VisualStudioVersion = 17.10.35013.160
MinimumVisualStudioVersion = 10.0.40219.1
Project("{FAE04EC0-301F-11D3-BF4B-00C04F79EFBC}") = "WebApplication 88", "WebApplication 88\WebApplication 88.csproj", "{2E7D048F-7D5D-415D-B7AB-FD0BA7C37558}"
EndProject
Global
	GlobalSection(SolutionConfigurationPlatforms) = preSolution
		Debug|Any CPU = Debug|Any CPU
		Release|Any CPU = Release|Any CPU
	EndGlobalSection
	GlobalSection(ProjectConfigurationPlatforms) = postSolution
		{2E7D048F-7D5D-415D-B7AB-FD0BA7C37558}.Debug|Any CPU.ActiveCfg = Debug|Any CPU
		{2E7D048F-7D5D-415D-B7AB-FD0BA7C37558}.Debug|Any CPU.Build.0 = Debug|Any CPU
		{2E7D048F-7D5D-415D-B7AB-FD0BA7C37558}.Release|Any CPU.ActiveCfg = Release|Any CPU
		{2E7D048F-7D5D-415D-B7AB-FD0BA7C37558}.Release|Any CPU.Build.0 = Release|Any CPU
	EndGlobalSection
	GlobalSection(SolutionProperties) = preSolution
		HideSolutionNode = FALSE
	EndGlobalSection
	GlobalSection(ExtensibilityGlobals) = postSolution
		SolutionGuid = {AEEA0EBB-E20B-4829-984B-2E33EFD42DE8}
	EndGlobalSection
EndGlobal
