
Microsoft Visual Studio Solution File, Format Version 12.00
# Visual Studio Version 17
VisualStudioVersion = 17.10.35013.160
MinimumVisualStudioVersion = 10.0.40219.1
Project("{FAE04EC0-301F-11D3-BF4B-00C04F79EFBC}") = "WebApplication7", "WebApplication7\WebApplication7.csproj", "{07408EAB-D88A-4610-8FF3-3AA68A1F603E}"
EndProject
Global
	GlobalSection(SolutionConfigurationPlatforms) = preSolution
		Debug|Any CPU = Debug|Any CPU
		Release|Any CPU = Release|Any CPU
	EndGlobalSection
	GlobalSection(ProjectConfigurationPlatforms) = postSolution
		{07408EAB-D88A-4610-8FF3-3AA68A1F603E}.Debug|Any CPU.ActiveCfg = Debug|Any CPU
		{07408EAB-D88A-4610-8FF3-3AA68A1F603E}.Debug|Any CPU.Build.0 = Debug|Any CPU
		{07408EAB-D88A-4610-8FF3-3AA68A1F603E}.Release|Any CPU.ActiveCfg = Release|Any CPU
		{07408EAB-D88A-4610-8FF3-3AA68A1F603E}.Release|Any CPU.Build.0 = Release|Any CPU
	EndGlobalSection
	GlobalSection(SolutionProperties) = preSolution
		HideSolutionNode = FALSE
	EndGlobalSection
	GlobalSection(ExtensibilityGlobals) = postSolution
		SolutionGuid = {DD3014B4-50BC-434D-BAF3-E0334705C878}
	EndGlobalSection
EndGlobal
